
Microsoft Visual Studio Solution File, Format Version 12.00
# Visual Studio Version 17
VisualStudioVersion = 17.14.36212.18 d17.14
MinimumVisualStudioVersion = 10.0.40219.1
Project("{FAE04EC0-301F-11D3-BF4B-00C04F79EFBC}") = "Jellyfin.Plugin.OMDbEnhanced", "Jellyfin.Plugin.OMDbEnhanced\Jellyfin.Plugin.OMDbEnhanced.csproj", "{965DA56C-E70A-4913-8439-62E9FB8A83CE}"
EndProject
Global
	GlobalSection(SolutionConfigurationPlatforms) = preSolution
		Debug|Any CPU = Debug|Any CPU
		Release|Any CPU = Release|Any CPU
	EndGlobalSection
	GlobalSection(ProjectConfigurationPlatforms) = postSolution
		{965DA56C-E70A-4913-8439-62E9FB8A83CE}.Debug|Any CPU.ActiveCfg = Debug|Any CPU
		{965DA56C-E70A-4913-8439-62E9FB8A83CE}.Debug|Any CPU.Build.0 = Debug|Any CPU
		{965DA56C-E70A-4913-8439-62E9FB8A83CE}.Release|Any CPU.ActiveCfg = Release|Any CPU
		{965DA56C-E70A-4913-8439-62E9FB8A83CE}.Release|Any CPU.Build.0 = Release|Any CPU
	EndGlobalSection
	GlobalSection(SolutionProperties) = preSolution
		HideSolutionNode = FALSE
	EndGlobalSection
	GlobalSection(ExtensibilityGlobals) = postSolution
		SolutionGuid = {2216FD94-030D-484C-BE21-E0CE69512FA0}
	EndGlobalSection
EndGlobal
